
Microsoft Visual Studio Solution File, Format Version 12.00
# Visual Studio Version 17
VisualStudioVersion = 17.1.32414.318
MinimumVisualStudioVersion = 10.0.40219.1
Project("{FAE04EC0-301F-11D3-BF4B-00C04F79EFBC}") = "userregistration", "userregistration\userregistration.csproj", "{5C24B6E8-C0A5-4AD6-AF39-D446CF39A04A}"
EndProject
Global
	GlobalSection(SolutionConfigurationPlatforms) = preSolution
		Debug|Any CPU = Debug|Any CPU
		Release|Any CPU = Release|Any CPU
	EndGlobalSection
	GlobalSection(ProjectConfigurationPlatforms) = postSolution
		{5C24B6E8-C0A5-4AD6-AF39-D446CF39A04A}.Debug|Any CPU.ActiveCfg = Debug|Any CPU
		{5C24B6E8-C0A5-4AD6-AF39-D446CF39A04A}.Debug|Any CPU.Build.0 = Debug|Any CPU
		{5C24B6E8-C0A5-4AD6-AF39-D446CF39A04A}.Release|Any CPU.ActiveCfg = Release|Any CPU
		{5C24B6E8-C0A5-4AD6-AF39-D446CF39A04A}.Release|Any CPU.Build.0 = Release|Any CPU
	EndGlobalSection
	GlobalSection(SolutionProperties) = preSolution
		HideSolutionNode = FALSE
	EndGlobalSection
	GlobalSection(ExtensibilityGlobals) = postSolution
		SolutionGuid = {11B80BF6-826F-451F-8257-C1E4A51CF079}
	EndGlobalSection
EndGlobal
